// !$*UTF8*$!
{
	archiveVersion = 1;
	classes = {
	};
	objectVersion = 50;
	objects = {

/* Begin PBXBuildFile section */
		CD98F9A125A181B10073E222 /* DisplayMode.swift in Sources */ = {isa = PBXBuildFile; fileRef = CD98F9A025A181B10073E222 /* DisplayMode.swift */; };
		CD98F9B325A183A50073E222 /* DisplayModelMenuItem.m in Sources */ = {isa = PBXBuildFile; fileRef = CD98F9B225A183A50073E222 /* DisplayModelMenuItem.m */; };
		CD98F9C225A18D930073E222 /* CGDirectDisplayID+IOService.swift in Sources */ = {isa = PBXBuildFile; fileRef = CD98F9C125A18D930073E222 /* CGDirectDisplayID+IOService.swift */; };
		CD98F9F025A1A4720073E222 /* StartAtLoginController.m in Sources */ = {isa = PBXBuildFile; fileRef = CD98F9EF25A1A4720073E222 /* StartAtLoginController.m */; };
		CD98FA0425A1A7160073E222 /* MainMenu.xib in Resources */ = {isa = PBXBuildFile; fileRef = CD98FA0325A1A7160073E222 /* MainMenu.xib */; };
		CDC8B7D225A164E1004D11F9 /* AppDelegate.swift in Sources */ = {isa = PBXBuildFile; fileRef = CDC8B7D125A164E1004D11F9 /* AppDelegate.swift */; };
		CDC8B7D425A164E1004D11F9 /* ViewController.swift in Sources */ = {isa = PBXBuildFile; fileRef = CDC8B7D325A164E1004D11F9 /* ViewController.swift */; };
		CDC8B7D625A164E2004D11F9 /* Assets.xcassets in Resources */ = {isa = PBXBuildFile; fileRef = CDC8B7D525A164E2004D11F9 /* Assets.xcassets */; };
/* End PBXBuildFile section */

/* Begin PBXCopyFilesBuildPhase section */
		CD98FA5425A1A9640073E222 /* Embed XPC Services */ = {
			isa = PBXCopyFilesBuildPhase;
			buildActionMask = 2147483647;
			dstPath = "$(CONTENTS_FOLDER_PATH)/XPCServices";
			dstSubfolderSpec = 16;
			files = (
			);
			name = "Embed XPC Services";
			runOnlyForDeploymentPostprocessing = 0;
		};
/* End PBXCopyFilesBuildPhase section */

/* Begin PBXFileReference section */
		CD98F9A025A181B10073E222 /* DisplayMode.swift */ = {isa = PBXFileReference; lastKnownFileType = sourcecode.swift; path = DisplayMode.swift; sourceTree = "<group>"; };
		CD98F9AD25A1836E0073E222 /* Res Switcher-Bridging-Header.h */ = {isa = PBXFileReference; lastKnownFileType = sourcecode.c.h; path = "Res Switcher-Bridging-Header.h"; sourceTree = "<group>"; };
		CD98F9B225A183A50073E222 /* DisplayModelMenuItem.m */ = {isa = PBXFileReference; lastKnownFileType = sourcecode.c.objc; path = DisplayModelMenuItem.m; sourceTree = "<group>"; };
		CD98F9BA25A184D20073E222 /* DisplayModelMenuItem.h */ = {isa = PBXFileReference; lastKnownFileType = sourcecode.c.h; path = DisplayModelMenuItem.h; sourceTree = "<group>"; };
		CD98F9C125A18D930073E222 /* CGDirectDisplayID+IOService.swift */ = {isa = PBXFileReference; lastKnownFileType = sourcecode.swift; path = "CGDirectDisplayID+IOService.swift"; sourceTree = "<group>"; };
		CD98F9EE25A1A45D0073E222 /* StartAtLoginController.h */ = {isa = PBXFileReference; lastKnownFileType = sourcecode.c.h; path = StartAtLoginController.h; sourceTree = "<group>"; };
		CD98F9EF25A1A4720073E222 /* StartAtLoginController.m */ = {isa = PBXFileReference; lastKnownFileType = sourcecode.c.objc; path = StartAtLoginController.m; sourceTree = "<group>"; };
		CD98FA0325A1A7160073E222 /* MainMenu.xib */ = {isa = PBXFileReference; fileEncoding = 4; lastKnownFileType = file.xib; path = MainMenu.xib; sourceTree = "<group>"; };
		CDC8B7CE25A164E1004D11F9 /* Res Switcher.app */ = {isa = PBXFileReference; explicitFileType = wrapper.application; includeInIndex = 0; path = "Res Switcher.app"; sourceTree = BUILT_PRODUCTS_DIR; };
		CDC8B7D125A164E1004D11F9 /* AppDelegate.swift */ = {isa = PBXFileReference; lastKnownFileType = sourcecode.swift; path = AppDelegate.swift; sourceTree = "<group>"; };
		CDC8B7D325A164E1004D11F9 /* ViewController.swift */ = {isa = PBXFileReference; lastKnownFileType = sourcecode.swift; path = ViewController.swift; sourceTree = "<group>"; };
		CDC8B7D525A164E2004D11F9 /* Assets.xcassets */ = {isa = PBXFileReference; lastKnownFileType = folder.assetcatalog; path = Assets.xcassets; sourceTree = "<group>"; };
		CDC8B7DA25A164E2004D11F9 /* Info.plist */ = {isa = PBXFileReference; lastKnownFileType = text.plist.xml; path = Info.plist; sourceTree = "<group>"; };
		CDC8B7DB25A164E2004D11F9 /* Res_Switcher.entitlements */ = {isa = PBXFileReference; lastKnownFileType = text.plist.entitlements; path = Res_Switcher.entitlements; sourceTree = "<group>"; };
/* End PBXFileReference section */

/* Begin PBXFrameworksBuildPhase section */
		CDC8B7CB25A164E1004D11F9 /* Frameworks */ = {
			isa = PBXFrameworksBuildPhase;
			buildActionMask = 2147483647;
			files = (
			);
			runOnlyForDeploymentPostprocessing = 0;
		};
/* End PBXFrameworksBuildPhase section */

/* Begin PBXGroup section */
		CD98FA1525A1A7FE0073E222 /* Frameworks */ = {
			isa = PBXGroup;
			children = (
			);
			name = Frameworks;
			sourceTree = "<group>";
		};
		CDC8B7C525A164E1004D11F9 = {
			isa = PBXGroup;
			children = (
				CDC8B7D025A164E1004D11F9 /* Res Switcher */,
				CDC8B7CF25A164E1004D11F9 /* Products */,
				CD98FA1525A1A7FE0073E222 /* Frameworks */,
			);
			sourceTree = "<group>";
		};
		CDC8B7CF25A164E1004D11F9 /* Products */ = {
			isa = PBXGroup;
			children = (
				CDC8B7CE25A164E1004D11F9 /* Res Switcher.app */,
			);
			name = Products;
			sourceTree = "<group>";
		};
		CDC8B7D025A164E1004D11F9 /* Res Switcher */ = {
			isa = PBXGroup;
			children = (
				CDC8B7D125A164E1004D11F9 /* AppDelegate.swift */,
				CDC8B7D325A164E1004D11F9 /* ViewController.swift */,
				CDC8B7D525A164E2004D11F9 /* Assets.xcassets */,
				CD98FA0325A1A7160073E222 /* MainMenu.xib */,
				CDC8B7DA25A164E2004D11F9 /* Info.plist */,
				CDC8B7DB25A164E2004D11F9 /* Res_Switcher.entitlements */,
				CD98F9A025A181B10073E222 /* DisplayMode.swift */,
				CD98F9AD25A1836E0073E222 /* Res Switcher-Bridging-Header.h */,
				CD98F9BA25A184D20073E222 /* DisplayModelMenuItem.h */,
				CD98F9B225A183A50073E222 /* DisplayModelMenuItem.m */,
				CD98F9C125A18D930073E222 /* CGDirectDisplayID+IOService.swift */,
				CD98F9EE25A1A45D0073E222 /* StartAtLoginController.h */,
				CD98F9EF25A1A4720073E222 /* StartAtLoginController.m */,
			);
			path = "Res Switcher";
			sourceTree = "<group>";
		};
/* End PBXGroup section */

/* Begin PBXNativeTarget section */
		CDC8B7CD25A164E1004D11F9 /* Res Switcher */ = {
			isa = PBXNativeTarget;
			buildConfigurationList = CDC8B7F425A164E2004D11F9 /* Build configuration list for PBXNativeTarget "Res Switcher" */;
			buildPhases = (
				CDC8B7CA25A164E1004D11F9 /* Sources */,
				CDC8B7CB25A164E1004D11F9 /* Frameworks */,
				CDC8B7CC25A164E1004D11F9 /* Resources */,
				CD98FA5425A1A9640073E222 /* Embed XPC Services */,
			);
			buildRules = (
			);
			dependencies = (
			);
			name = "Res Switcher";
			productName = "Res Switcher";
			productReference = CDC8B7CE25A164E1004D11F9 /* Res Switcher.app */;
			productType = "com.apple.product-type.application";
		};
/* End PBXNativeTarget section */

/* Begin PBXProject section */
		CDC8B7C625A164E1004D11F9 /* Project object */ = {
			isa = PBXProject;
			attributes = {
				LastSwiftUpdateCheck = 1230;
				LastUpgradeCheck = 1230;
				TargetAttributes = {
					CDC8B7CD25A164E1004D11F9 = {
						CreatedOnToolsVersion = 12.3;
						LastSwiftMigration = 1230;
					};
				};
			};
			buildConfigurationList = CDC8B7C925A164E1004D11F9 /* Build configuration list for PBXProject "Res Switcher" */;
			compatibilityVersion = "Xcode 9.3";
			developmentRegion = en;
			hasScannedForEncodings = 0;
			knownRegions = (
				en,
				Base,
			);
			mainGroup = CDC8B7C525A164E1004D11F9;
			productRefGroup = CDC8B7CF25A164E1004D11F9 /* Products */;
			projectDirPath = "";
			projectRoot = "";
			targets = (
				CDC8B7CD25A164E1004D11F9 /* Res Switcher */,
			);
		};
/* End PBXProject section */

/* Begin PBXResourcesBuildPhase section */
		CDC8B7CC25A164E1004D11F9 /* Resources */ = {
			isa = PBXResourcesBuildPhase;
			buildActionMask = 2147483647;
			files = (
				CDC8B7D625A164E2004D11F9 /* Assets.xcassets in Resources */,
				CD98FA0425A1A7160073E222 /* MainMenu.xib in Resources */,
			);
			runOnlyForDeploymentPostprocessing = 0;
		};
/* End PBXResourcesBuildPhase section */

/* Begin PBXSourcesBuildPhase section */
		CDC8B7CA25A164E1004D11F9 /* Sources */ = {
			isa = PBXSourcesBuildPhase;
			buildActionMask = 2147483647;
			files = (
				CD98F9B325A183A50073E222 /* DisplayModelMenuItem.m in Sources */,
				CD98F9A125A181B10073E222 /* DisplayMode.swift in Sources */,
				CD98F9C225A18D930073E222 /* CGDirectDisplayID+IOService.swift in Sources */,
				CDC8B7D425A164E1004D11F9 /* ViewController.swift in Sources */,
				CDC8B7D225A164E1004D11F9 /* AppDelegate.swift in Sources */,
				CD98F9F025A1A4720073E222 /* StartAtLoginController.m in Sources */,
			);
			runOnlyForDeploymentPostprocessing = 0;
		};
/* End PBXSourcesBuildPhase section */

/* Begin XCBuildConfiguration section */
		CDC8B7F225A164E2004D11F9 /* Debug */ = {
			isa = XCBuildConfiguration;
			buildSettings = {
				ALWAYS_SEARCH_USER_PATHS = NO;
				CLANG_ANALYZER_NONNULL = YES;
				CLANG_ANALYZER_NUMBER_OBJECT_CONVERSION = YES_AGGRESSIVE;
				CLANG_CXX_LANGUAGE_STANDARD = "gnu++14";
				CLANG_CXX_LIBRARY = "libc++";
				CLANG_ENABLE_MODULES = YES;
				CLANG_ENABLE_OBJC_ARC = YES;
				CLANG_ENABLE_OBJC_WEAK = YES;
				CLANG_WARN_BLOCK_CAPTURE_AUTORELEASING = YES;
				CLANG_WARN_BOOL_CONVERSION = YES;
				CLANG_WARN_COMMA = YES;
				CLANG_WARN_CONSTANT_CONVERSION = YES;
				CLANG_WARN_DEPRECATED_OBJC_IMPLEMENTATIONS = YES;
				CLANG_WARN_DIRECT_OBJC_ISA_USAGE = YES_ERROR;
				CLANG_WARN_DOCUMENTATION_COMMENTS = YES;
				CLANG_WARN_EMPTY_BODY = YES;
				CLANG_WARN_ENUM_CONVERSION = YES;
				CLANG_WARN_INFINITE_RECURSION = YES;
				CLANG_WARN_INT_CONVERSION = YES;
				CLANG_WARN_NON_LITERAL_NULL_CONVERSION = YES;
				CLANG_WARN_OBJC_IMPLICIT_RETAIN_SELF = YES;
				CLANG_WARN_OBJC_LITERAL_CONVERSION = YES;
				CLANG_WARN_OBJC_ROOT_CLASS = YES_ERROR;
				CLANG_WARN_QUOTED_INCLUDE_IN_FRAMEWORK_HEADER = YES;
				CLANG_WARN_RANGE_LOOP_ANALYSIS = YES;
				CLANG_WARN_STRICT_PROTOTYPES = YES;
				CLANG_WARN_SUSPICIOUS_MOVE = YES;
				CLANG_WARN_UNGUARDED_AVAILABILITY = YES_AGGRESSIVE;
				CLANG_WARN_UNREACHABLE_CODE = YES;
				CLANG_WARN__DUPLICATE_METHOD_MATCH = YES;
				COPY_PHASE_STRIP = NO;
				DEBUG_INFORMATION_FORMAT = dwarf;
				ENABLE_STRICT_OBJC_MSGSEND = YES;
				ENABLE_TESTABILITY = YES;
				GCC_C_LANGUAGE_STANDARD = gnu11;
				GCC_DYNAMIC_NO_PIC = NO;
				GCC_NO_COMMON_BLOCKS = YES;
				GCC_OPTIMIZATION_LEVEL = 0;
				GCC_PREPROCESSOR_DEFINITIONS = (
					"DEBUG=1",
					"$(inherited)",
				);
				GCC_WARN_64_TO_32_BIT_CONVERSION = YES;
				GCC_WARN_ABOUT_RETURN_TYPE = YES_ERROR;
				GCC_WARN_UNDECLARED_SELECTOR = YES;
				GCC_WARN_UNINITIALIZED_AUTOS = YES_AGGRESSIVE;
				GCC_WARN_UNUSED_FUNCTION = YES;
				GCC_WARN_UNUSED_VARIABLE = YES;
				MACOSX_DEPLOYMENT_TARGET = 11.1;
				MTL_ENABLE_DEBUG_INFO = INCLUDE_SOURCE;
				MTL_FAST_MATH = YES;
				ONLY_ACTIVE_ARCH = YES;
				SDKROOT = macosx;
				SWIFT_ACTIVE_COMPILATION_CONDITIONS = DEBUG;
				SWIFT_OPTIMIZATION_LEVEL = "-Onone";
			};
			name = Debug;
		};
		CDC8B7F325A164E2004D11F9 /* Release */ = {
			isa = XCBuildConfiguration;
			buildSettings = {
				ALWAYS_SEARCH_USER_PATHS = NO;
				CLANG_ANALYZER_NONNULL = YES;
				CLANG_ANALYZER_NUMBER_OBJECT_CONVERSION = YES_AGGRESSIVE;
				CLANG_CXX_LANGUAGE_STANDARD = "gnu++14";
				CLANG_CXX_LIBRARY = "libc++";
				CLANG_ENABLE_MODULES = YES;
				CLANG_ENABLE_OBJC_ARC = YES;
				CLANG_ENABLE_OBJC_WEAK = YES;
				CLANG_WARN_BLOCK_CAPTURE_AUTORELEASING = YES;
				CLANG_WARN_BOOL_CONVERSION = YES;
				CLANG_WARN_COMMA = YES;
				CLANG_WARN_CONSTANT_CONVERSION = YES;
				CLANG_WARN_DEPRECATED_OBJC_IMPLEMENTATIONS = YES;
				CLANG_WARN_DIRECT_OBJC_ISA_USAGE = YES_ERROR;
				CLANG_WARN_DOCUMENTATION_COMMENTS = YES;
				CLANG_WARN_EMPTY_BODY = YES;
				CLANG_WARN_ENUM_CONVERSION = YES;
				CLANG_WARN_INFINITE_RECURSION = YES;
				CLANG_WARN_INT_CONVERSION = YES;
				CLANG_WARN_NON_LITERAL_NULL_CONVERSION = YES;
				CLANG_WARN_OBJC_IMPLICIT_RETAIN_SELF = YES;
				CLANG_WARN_OBJC_LITERAL_CONVERSION = YES;
				CLANG_WARN_OBJC_ROOT_CLASS = YES_ERROR;
				CLANG_WARN_QUOTED_INCLUDE_IN_FRAMEWORK_HEADER = YES;
				CLANG_WARN_RANGE_LOOP_ANALYSIS = YES;
				CLANG_WARN_STRICT_PROTOTYPES = YES;
				CLANG_WARN_SUSPICIOUS_MOVE = YES;
				CLANG_WARN_UNGUARDED_AVAILABILITY = YES_AGGRESSIVE;
				CLANG_WARN_UNREACHABLE_CODE = YES;
				CLANG_WARN__DUPLICATE_METHOD_MATCH = YES;
				COPY_PHASE_STRIP = NO;
				DEBUG_INFORMATION_FORMAT = "dwarf-with-dsym";
				ENABLE_NS_ASSERTIONS = NO;
				ENABLE_STRICT_OBJC_MSGSEND = YES;
				GCC_C_LANGUAGE_STANDARD = gnu11;
				GCC_NO_COMMON_BLOCKS = YES;
				GCC_WARN_64_TO_32_BIT_CONVERSION = YES;
				GCC_WARN_ABOUT_RETURN_TYPE = YES_ERROR;
				GCC_WARN_UNDECLARED_SELECTOR = YES;
				GCC_WARN_UNINITIALIZED_AUTOS = YES_AGGRESSIVE;
				GCC_WARN_UNUSED_FUNCTION = YES;
				GCC_WARN_UNUSED_VARIABLE = YES;
				MACOSX_DEPLOYMENT_TARGET = 11.1;
				MTL_ENABLE_DEBUG_INFO = NO;
				MTL_FAST_MATH = YES;
				SDKROOT = macosx;
				SWIFT_COMPILATION_MODE = wholemodule;
				SWIFT_OPTIMIZATION_LEVEL = "-O";
			};
			name = Release;
		};
		CDC8B7F525A164E2004D11F9 /* Debug */ = {
			isa = XCBuildConfiguration;
			buildSettings = {
				ASSETCATALOG_COMPILER_APPICON_NAME = AppIcon;
				ASSETCATALOG_COMPILER_GLOBAL_ACCENT_COLOR_NAME = AccentColor;
				CLANG_ENABLE_MODULES = YES;
				CODE_SIGN_ENTITLEMENTS = "Res Switcher/Res_Switcher.entitlements";
				CODE_SIGN_STYLE = Automatic;
				COMBINE_HIDPI_IMAGES = YES;
				DEVELOPMENT_TEAM = 3K3569JFML;
				ENABLE_HARDENED_RUNTIME = YES;
				INFOPLIST_FILE = "Res Switcher/Info.plist";
				LD_RUNPATH_SEARCH_PATHS = (
					"$(inherited)",
					"@executable_path/../Frameworks",
				);
				PRODUCT_BUNDLE_IDENTIFIER = "com.masonsoftware.Res-Switcher";
				PRODUCT_NAME = "$(TARGET_NAME)";
				SWIFT_OBJC_BRIDGING_HEADER = "Res Switcher/Res Switcher-Bridging-Header.h";
				SWIFT_OPTIMIZATION_LEVEL = "-Onone";
				SWIFT_VERSION = 5.0;
			};
			name = Debug;
		};
		CDC8B7F625A164E2004D11F9 /* Release */ = {
			isa = XCBuildConfiguration;
			buildSettings = {
				ASSETCATALOG_COMPILER_APPICON_NAME = AppIcon;
				ASSETCATALOG_COMPILER_GLOBAL_ACCENT_COLOR_NAME = AccentColor;
				CLANG_ENABLE_MODULES = YES;
				CODE_SIGN_ENTITLEMENTS = "Res Switcher/Res_Switcher.entitlements";
				CODE_SIGN_STYLE = Automatic;
				COMBINE_HIDPI_IMAGES = YES;
				DEVELOPMENT_TEAM = 3K3569JFML;
				ENABLE_HARDENED_RUNTIME = YES;
				INFOPLIST_FILE = "Res Switcher/Info.plist";
				LD_RUNPATH_SEARCH_PATHS = (
					"$(inherited)",
					"@executable_path/../Frameworks",
				);
				PRODUCT_BUNDLE_IDENTIFIER = "com.masonsoftware.Res-Switcher";
				PRODUCT_NAME = "$(TARGET_NAME)";
				SWIFT_OBJC_BRIDGING_HEADER = "Res Switcher/Res Switcher-Bridging-Header.h";
				SWIFT_VERSION = 5.0;
			};
			name = Release;
		};
/* End XCBuildConfiguration section */

/* Begin XCConfigurationList section */
		CDC8B7C925A164E1004D11F9 /* Build configuration list for PBXProject "Res Switcher" */ = {
			isa = XCConfigurationList;
			buildConfigurations = (
				CDC8B7F225A164E2004D11F9 /* Debug */,
				CDC8B7F325A164E2004D11F9 /* Release */,
			);
			defaultConfigurationIsVisible = 0;
			defaultConfigurationName = Release;
		};
		CDC8B7F425A164E2004D11F9 /* Build configuration list for PBXNativeTarget "Res Switcher" */ = {
			isa = XCConfigurationList;
			buildConfigurations = (
				CDC8B7F525A164E2004D11F9 /* Debug */,
				CDC8B7F625A164E2004D11F9 /* Release */,
			);
			defaultConfigurationIsVisible = 0;
			defaultConfigurationName = Release;
		};
/* End XCConfigurationList section */
	};
	rootObject = CDC8B7C625A164E1004D11F9 /* Project object */;
}
